<?xml version="1.0" encoding="utf-8"?>
<Project ToolsVersion="4.0" xmlns="http://schemas.microsoft.com/developer/msbuild/2003">
  <ItemGroup>
    <Filter Include="Pliki źródłowe">
      <UniqueIdentifier>{4FC737F1-C7A5-4376-A066-2A32D752A2FF}</UniqueIdentifier>
      <Extensions>cpp;c;cc;cxx;c++;cppm;ixx;def;odl;idl;hpj;bat;asm;asmx</Extensions>
    </Filter>
    <Filter Include="Pliki nagłówkowe">
      <UniqueIdentifier>{93995380-89BD-4b04-88EB-625FBE52EBFB}</UniqueIdentifier>
      <Extensions>h;hh;hpp;hxx;h++;hm;inl;inc;ipp;xsd</Extensions>
    </Filter>
    <Filter Include="Pliki zasobów">
      <UniqueIdentifier>{67DA6AB6-F800-4c08-8B7A-83BB121AAD01}</UniqueIdentifier>
      <Extensions>rc;ico;cur;bmp;dlg;rc2;rct;bin;rgs;gif;jpg;jpeg;jpe;resx;tiff;tif;png;wav;mfcribbon-ms</Extensions>
    </Filter>
    <Filter Include="Pliki nagłówkowe\Application">
      <UniqueIdentifier>{f21cd646-4f5a-40a1-bbcb-7b227f5008de}</UniqueIdentifier>
    </Filter>
    <Filter Include="Pliki źródłowe\Application">
      <UniqueIdentifier>{f3edf4f6-86a5-4833-8f6e-21ed5a95e633}</UniqueIdentifier>
    </Filter>
    <Filter Include="Pliki nagłówkowe\RenderAPI">
      <UniqueIdentifier>{27d660df-aac8-44c4-af74-36df2c841c49}</UniqueIdentifier>
    </Filter>
    <Filter Include="Pliki źródłowe\RenderAPI">
      <UniqueIdentifier>{109215a2-d011-4b97-b636-d49e1ef60d1b}</UniqueIdentifier>
    </Filter>
    <Filter Include="Pliki źródłowe\RenderAPI\DXGI">
      <UniqueIdentifier>{9ba3b6cd-c5a9-4b50-89e3-5f2454d82ccc}</UniqueIdentifier>
    </Filter>
    <Filter Include="Pliki źródłowe\RenderAPI\D3D12">
      <UniqueIdentifier>{3fb1e6ee-2a14-4865-be7c-049b5e2d6f81}</UniqueIdentifier>
    </Filter>
    <Filter Include="Pliki nagłówkowe\RenderAPI\D3D12">
      <UniqueIdentifier>{c7887ff9-1166-47f8-823c-70c571ba7a03}</UniqueIdentifier>
    </Filter>
    <Filter Include="Pliki nagłówkowe\RenderAPI\DXGI">
      <UniqueIdentifier>{c710c7aa-8201-4412-a21e-b631945be1ec}</UniqueIdentifier>
    </Filter>
    <Filter Include="Pliki źródłowe\RenderAPI\D3D12\Command">
      <UniqueIdentifier>{42508aae-3212-4d42-b1bf-a22d7985406a}</UniqueIdentifier>
    </Filter>
    <Filter Include="Pliki nagłówkowe\RenderAPI\D3D12\Command">
      <UniqueIdentifier>{1039a4fb-dca3-4658-8b24-33af223f7e09}</UniqueIdentifier>
    </Filter>
    <Filter Include="Pliki nagłówkowe\RenderAPI\HLSL">
      <UniqueIdentifier>{d1b64dfe-1cf0-4add-aa0e-9c23f0b14b01}</UniqueIdentifier>
    </Filter>
    <Filter Include="Pliki źródłowe\RenderAPI\HLSL">
      <UniqueIdentifier>{272178b6-6664-47b5-bc0b-089a40123c11}</UniqueIdentifier>
    </Filter>
    <Filter Include="Pliki nagłówkowe\RenderAPI\Depth">
      <UniqueIdentifier>{757a608c-50e8-401c-b73a-fe28ad1ed45a}</UniqueIdentifier>
    </Filter>
    <Filter Include="Pliki źródłowe\RenderAPI\Depth">
      <UniqueIdentifier>{5ea80aec-d733-492d-b742-b466a4803d22}</UniqueIdentifier>
    </Filter>
    <Filter Include="Pliki nagłówkowe\ResourceLoading">
      <UniqueIdentifier>{7c148fb3-b1b6-4f0a-bac5-40a3445d38d5}</UniqueIdentifier>
    </Filter>
    <Filter Include="Pliki źródłowe\ResourceLoading">
      <UniqueIdentifier>{3a864bb5-369e-4124-808d-aec4a7706ac9}</UniqueIdentifier>
    </Filter>
    <Filter Include="Pliki nagłówkowe\Input">
      <UniqueIdentifier>{feba921a-ffc0-49bc-a14d-1b5469722753}</UniqueIdentifier>
    </Filter>
    <Filter Include="Pliki źródłowe\Input">
      <UniqueIdentifier>{7256153b-7fac-4fbb-9fd3-400e1ff7037b}</UniqueIdentifier>
    </Filter>
    <Filter Include="Pliki nagłówkowe\RenderAPI\Camera">
      <UniqueIdentifier>{29477cd0-7d95-44da-902e-9a89f84bedfb}</UniqueIdentifier>
    </Filter>
    <Filter Include="Pliki źródłowe\RenderAPI\Camera">
      <UniqueIdentifier>{fdd6b1f0-84a8-42ad-8f61-4feb27975aa0}</UniqueIdentifier>
    </Filter>
    <Filter Include="Pliki źródłowe\ResourceLoading\Mipmapping">
      <UniqueIdentifier>{bcc5ac23-b02a-4ff7-8641-52d7d0253320}</UniqueIdentifier>
    </Filter>
    <Filter Include="Pliki nagłówkowe\ResourceLoading\Mipmapping">
      <UniqueIdentifier>{ae5caa4d-f804-4d30-8814-a28440e5ab78}</UniqueIdentifier>
    </Filter>
    <Filter Include="Pliki nagłówkowe\RenderAPI\RT">
      <UniqueIdentifier>{86e486d8-befa-4e92-a235-0d6345dd416e}</UniqueIdentifier>
    </Filter>
    <Filter Include="Pliki źródłowe\RenderAPI\RT">
      <UniqueIdentifier>{d11b34ae-2d3a-43ff-8482-fa9bf14c20a8}</UniqueIdentifier>
    </Filter>
  </ItemGroup>
  <ItemGroup>
    <ClCompile Include="Source\pch.cpp">
      <Filter>Pliki źródłowe</Filter>
    </ClCompile>
    <ClCompile Include="Source\main.cpp">
      <Filter>Pliki źródłowe</Filter>
    </ClCompile>
    <ClCompile Include="Source\Application\Application.cpp">
      <Filter>Pliki źródłowe\Application</Filter>
    </ClCompile>
    <ClCompile Include="Source\RenderAPI\DXGI\DXGIAdapter.cpp">
      <Filter>Pliki źródłowe\RenderAPI\DXGI</Filter>
    </ClCompile>
    <ClCompile Include="Source\RenderAPI\DXGI\DXGIFactory.cpp">
      <Filter>Pliki źródłowe\RenderAPI\DXGI</Filter>
    </ClCompile>
    <ClCompile Include="Source\RenderAPI\Renderer.cpp">
      <Filter>Pliki źródłowe\RenderAPI</Filter>
    </ClCompile>
    <ClCompile Include="Source\RenderAPI\DXGI\DXGIDebug.cpp">
      <Filter>Pliki źródłowe\RenderAPI\DXGI</Filter>
    </ClCompile>
    <ClCompile Include="Source\RenderAPI\D3D12\D3D12Device.cpp">
      <Filter>Pliki źródłowe\RenderAPI\D3D12</Filter>
    </ClCompile>
    <ClCompile Include="Source\RenderAPI\D3D12\D3D12Debug.cpp">
      <Filter>Pliki źródłowe\RenderAPI\D3D12</Filter>
    </ClCompile>
    <ClCompile Include="Source\RenderAPI\D3D12\Command\D3D12CommandQueue.cpp">
      <Filter>Pliki źródłowe\RenderAPI\D3D12\Command</Filter>
    </ClCompile>
    <ClCompile Include="Source\RenderAPI\D3D12\Command\D3D12CommandList.cpp">
      <Filter>Pliki źródłowe\RenderAPI\D3D12\Command</Filter>
    </ClCompile>
    <ClCompile Include="Source\RenderAPI\DXGI\DXGISwapChain.cpp">
      <Filter>Pliki źródłowe\RenderAPI\DXGI</Filter>
    </ClCompile>
    <ClCompile Include="Source\RenderAPI\D3D12\D3D12RootSignature.cpp">
      <Filter>Pliki źródłowe\RenderAPI\D3D12</Filter>
    </ClCompile>
    <ClCompile Include="Source\RenderAPI\D3D12\D3D12Resource.cpp">
      <Filter>Pliki źródłowe\RenderAPI\D3D12</Filter>
    </ClCompile>
    <ClCompile Include="Source\RenderAPI\HLSL\HLSLShader.cpp">
      <Filter>Pliki źródłowe\RenderAPI\HLSL</Filter>
    </ClCompile>
    <ClCompile Include="Source\RenderAPI\HLSL\HLSLCompiler.cpp">
      <Filter>Pliki źródłowe\RenderAPI\HLSL</Filter>
    </ClCompile>
    <ClCompile Include="Source\RenderAPI\D3D12\D3D12PipelineState.cpp">
      <Filter>Pliki źródłowe\RenderAPI\D3D12</Filter>
    </ClCompile>
    <ClCompile Include="Source\RenderAPI\Depth\DepthBuffer.cpp">
      <Filter>Pliki źródłowe\RenderAPI\Depth</Filter>
    </ClCompile>
    <ClCompile Include="Source\RenderAPI\Depth\DepthDescHeap.cpp">
      <Filter>Pliki źródłowe\RenderAPI\Depth</Filter>
    </ClCompile>
    <ClCompile Include="Source\RenderAPI\D3D12\D3D12DescriptorHeap.cpp">
      <Filter>Pliki źródłowe\RenderAPI\D3D12</Filter>
    </ClCompile>
    <ClCompile Include="Source\paths.cpp">
      <Filter>Pliki źródłowe</Filter>
    </ClCompile>
    <ClCompile Include="Source\ResourceLoading\Mesh.cpp">
      <Filter>Pliki źródłowe\ResourceLoading</Filter>
    </ClCompile>
    <ClCompile Include="Source\ResourceLoading\Model.cpp">
      <Filter>Pliki źródłowe\ResourceLoading</Filter>
    </ClCompile>
    <ClCompile Include="Source\RenderAPI\Descriptors\ShaderVisibleDescriptorHeap.cpp">
      <Filter>Pliki źródłowe\ResourceLoading</Filter>
    </ClCompile>
    <ClCompile Include="Source\ResourceLoading\Texture.cpp">
      <Filter>Pliki źródłowe\ResourceLoading</Filter>
    </ClCompile>
    <ClCompile Include="Source\ResourceLoading\TextureLoader.cpp">
      <Filter>Pliki źródłowe\ResourceLoading</Filter>
    </ClCompile>
    <ClCompile Include="Source\ResourceLoading\UploadHeap.cpp">
      <Filter>Pliki źródłowe\ResourceLoading</Filter>
    </ClCompile>
    <ClCompile Include="Source\ResourceLoading\Vertex.cpp">
      <Filter>Pliki źródłowe\ResourceLoading</Filter>
    </ClCompile>
    <ClCompile Include="Source\Input\InputManager.cpp">
      <Filter>Pliki źródłowe\Input</Filter>
    </ClCompile>
    <ClCompile Include="Source\RenderAPI\Camera\Camera.cpp">
      <Filter>Pliki źródłowe\RenderAPI\Camera</Filter>
    </ClCompile>
    <ClCompile Include="Source\RenderAPI\Camera\CameraManager.cpp">
      <Filter>Pliki źródłowe\RenderAPI\Camera</Filter>
    </ClCompile>
    <ClCompile Include="Source\ResourceLoading\Mipmapping\MipmapGenerator.cpp">
      <Filter>Pliki źródłowe\ResourceLoading\Mipmapping</Filter>
    </ClCompile>
    <ClCompile Include="Source\ResourceLoading\Mipmapping\MipmapPipeineState.cpp">
      <Filter>Pliki źródłowe\ResourceLoading\Mipmapping</Filter>
    </ClCompile>
    <ClCompile Include="Source\ResourceLoading\Mipmapping\MipmapRootSignature.cpp">
      <Filter>Pliki źródłowe\ResourceLoading\Mipmapping</Filter>
    </ClCompile>
    <ClCompile Include="Source\helpers.cpp">
      <Filter>Pliki źródłowe</Filter>
    </ClCompile>
    <ClCompile Include="Source\ResourceLoading\ImageDecoder.cpp">
      <Filter>Pliki źródłowe\ResourceLoading</Filter>
    </ClCompile>
  </ItemGroup>
  <ItemGroup>
    <ClInclude Include="Source\helpers.h">
      <Filter>Pliki nagłówkowe</Filter>
    </ClInclude>
    <ClInclude Include="Source\pch.h">
      <Filter>Pliki nagłówkowe</Filter>
    </ClInclude>
    <ClInclude Include="Source\Application\Application.h">
      <Filter>Pliki nagłówkowe\Application</Filter>
    </ClInclude>
    <ClInclude Include="Source\RenderAPI\DXGI\DXGIFactory.h">
      <Filter>Pliki nagłówkowe\RenderAPI\DXGI</Filter>
    </ClInclude>
    <ClInclude Include="Source\RenderAPI\DXGI\DXGIAdapter.h">
      <Filter>Pliki nagłówkowe\RenderAPI\DXGI</Filter>
    </ClInclude>
    <ClInclude Include="Source\RenderAPI\D3D12\D3D12Debug.h">
      <Filter>Pliki nagłówkowe\RenderAPI\D3D12</Filter>
    </ClInclude>
    <ClInclude Include="Source\RenderAPI\D3D12\D3D12Device.h">
      <Filter>Pliki nagłówkowe\RenderAPI\D3D12</Filter>
    </ClInclude>
    <ClInclude Include="Source\RenderAPI\DXGI\DXGIDebug.h">
      <Filter>Pliki nagłówkowe\RenderAPI\DXGI</Filter>
    </ClInclude>
    <ClInclude Include="Source\RenderAPI\D3D12\Command\D3D12CommandQueue.h">
      <Filter>Pliki nagłówkowe\RenderAPI\D3D12\Command</Filter>
    </ClInclude>
    <ClInclude Include="Source\RenderAPI\D3D12\Command\D3D12CommandList.h">
      <Filter>Pliki nagłówkowe\RenderAPI\D3D12\Command</Filter>
    </ClInclude>
    <ClInclude Include="Source\RenderAPI\DXGI\DXGISwapChain.h">
      <Filter>Pliki nagłówkowe\RenderAPI\DXGI</Filter>
    </ClInclude>
    <ClInclude Include="Source\RenderAPI\Renderer.h">
      <Filter>Pliki nagłówkowe\RenderAPI</Filter>
    </ClInclude>
    <ClInclude Include="Source\config.h">
      <Filter>Pliki nagłówkowe</Filter>
    </ClInclude>
    <ClInclude Include="Source\RenderAPI\DataTypes.h">
      <Filter>Pliki nagłówkowe</Filter>
    </ClInclude>
    <ClInclude Include="Source\RenderAPI\D3D12\D3D12RootSignature.h">
      <Filter>Pliki nagłówkowe\RenderAPI\D3D12</Filter>
    </ClInclude>
    <ClInclude Include="Source\RenderAPI\D3D12\D3D12Resource.h">
      <Filter>Pliki nagłówkowe\RenderAPI\D3D12</Filter>
    </ClInclude>
    <ClInclude Include="Source\RenderAPI\HLSL\HLSLCompiler.h">
      <Filter>Pliki nagłówkowe\RenderAPI\HLSL</Filter>
    </ClInclude>
    <ClInclude Include="Source\RenderAPI\HLSL\HLSLShader.h">
      <Filter>Pliki nagłówkowe\RenderAPI\HLSL</Filter>
    </ClInclude>
    <ClInclude Include="Source\RenderAPI\D3D12\D3D12PipelineState.h">
      <Filter>Pliki nagłówkowe\RenderAPI\D3D12</Filter>
    </ClInclude>
    <ClInclude Include="Source\RenderAPI\D3D12\D3D12DescriptorHeap.h">
      <Filter>Pliki nagłówkowe\RenderAPI\D3D12</Filter>
    </ClInclude>
    <ClInclude Include="Source\RenderAPI\Depth\DepthBuffer.h">
      <Filter>Pliki nagłówkowe\RenderAPI\Depth</Filter>
    </ClInclude>
    <ClInclude Include="Source\RenderAPI\Depth\DepthDescHeap.h">
      <Filter>Pliki nagłówkowe\RenderAPI\Depth</Filter>
    </ClInclude>
    <ClInclude Include="Source\paths.h">
      <Filter>Pliki nagłówkowe</Filter>
    </ClInclude>
    <ClInclude Include="Source\ResourceLoading\Texture.h">
      <Filter>Pliki nagłówkowe\ResourceLoading</Filter>
    </ClInclude>
    <ClInclude Include="Source\ResourceLoading\TextureLoader.h">
      <Filter>Pliki nagłówkowe\ResourceLoading</Filter>
    </ClInclude>
    <ClInclude Include="Source\ResourceLoading\UploadHeap.h">
      <Filter>Pliki nagłówkowe\ResourceLoading</Filter>
    </ClInclude>
    <ClInclude Include="Source\ResourceLoading\Vertex.h">
      <Filter>Pliki nagłówkowe\ResourceLoading</Filter>
    </ClInclude>
    <ClInclude Include="Source\ResourceLoading\Model.h">
      <Filter>Pliki nagłówkowe\ResourceLoading</Filter>
    </ClInclude>
    <ClInclude Include="Source\ResourceLoading\Mesh.h">
      <Filter>Pliki nagłówkowe\ResourceLoading</Filter>
    </ClInclude>
    <ClInclude Include="Source\RenderAPI\Descriptors\ShaderVisibleDescriptorHeap.h">
      <Filter>Pliki nagłówkowe\ResourceLoading</Filter>
    </ClInclude>
    <ClInclude Include="Source\Input\InputManager.h">
      <Filter>Pliki nagłówkowe\Input</Filter>
    </ClInclude>
    <ClInclude Include="Source\RenderAPI\Camera\Camera.h">
      <Filter>Pliki nagłówkowe\RenderAPI\Camera</Filter>
    </ClInclude>
    <ClInclude Include="Source\RenderAPI\Camera\CameraManager.h">
      <Filter>Pliki nagłówkowe\RenderAPI\Camera</Filter>
    </ClInclude>
    <ClInclude Include="Source\ResourceLoading\Mipmapping\MipmapGenerator.h">
      <Filter>Pliki nagłówkowe\ResourceLoading\Mipmapping</Filter>
    </ClInclude>
    <ClInclude Include="Source\ResourceLoading\Mipmapping\MipmapPipeineState.h">
      <Filter>Pliki nagłówkowe\ResourceLoading\Mipmapping</Filter>
    </ClInclude>
    <ClInclude Include="Source\ResourceLoading\Mipmapping\MipmapRootSignature.h">
      <Filter>Pliki nagłówkowe\ResourceLoading\Mipmapping</Filter>
    </ClInclude>
    <ClInclude Include="Source\ResourceLoading\ImageDecoder.h">
      <Filter>Pliki nagłówkowe\ResourceLoading</Filter>
    </ClInclude>
  </ItemGroup>
  <ItemGroup>
    <FxCompile Include="Source\Shaders\PixelShader.hlsl" />
    <FxCompile Include="Source\Shaders\VertexShader.hlsl" />
    <FxCompile Include="Source\Shaders\MipmapShader.hlsl" />
    <FxCompile Include="Source\Shaders\PixelShader_Masked.hlsl" />
  </ItemGroup>
  <ItemGroup>
    <None Include="packages.config" />
  </ItemGroup>
  <ItemGroup>
    <CopyFileToFolders Include="..\Libs\assimp-vc143-mt.dll" />
  </ItemGroup>
</Project>